// !$*UTF8*$!
{
	archiveVersion = 1;
	classes = {
	};
	objectVersion = 56;
	objects = {

/* Begin PBXBuildFile section */
		6D0D487329D8CBEF00B19CC2 /* AppDelegate.swift in Sources */ = {isa = PBXBuildFile; fileRef = 6D0D487229D8CBEF00B19CC2 /* AppDelegate.swift */; };
		6D0D487529D8CBEF00B19CC2 /* SceneDelegate.swift in Sources */ = {isa = PBXBuildFile; fileRef = 6D0D487429D8CBEF00B19CC2 /* SceneDelegate.swift */; };
		6D0D487729D8CBEF00B19CC2 /* ViewController.swift in Sources */ = {isa = PBXBuildFile; fileRef = 6D0D487629D8CBEF00B19CC2 /* ViewController.swift */; };
		6D0D487C29D8CBF100B19CC2 /* Assets.xcassets in Resources */ = {isa = PBXBuildFile; fileRef = 6D0D487B29D8CBF100B19CC2 /* Assets.xcassets */; };
		6D0D487F29D8CBF100B19CC2 /* LaunchScreen.storyboard in Resources */ = {isa = PBXBuildFile; fileRef = 6D0D487D29D8CBF100B19CC2 /* LaunchScreen.storyboard */; };
		6D0D488B29D8CCDF00B19CC2 /* RootCoordinator.swift in Sources */ = {isa = PBXBuildFile; fileRef = 6D0D488A29D8CCDF00B19CC2 /* RootCoordinator.swift */; };
		6D0D488D29D8CD1500B19CC2 /* ListDevicesCoordinator.swift in Sources */ = {isa = PBXBuildFile; fileRef = 6D0D488C29D8CD1500B19CC2 /* ListDevicesCoordinator.swift */; };
		6D0D489629D8D14500B19CC2 /* ListDevicesViewController.swift in Sources */ = {isa = PBXBuildFile; fileRef = 6D0D489529D8D14500B19CC2 /* ListDevicesViewController.swift */; };
		6D0D489829D8D15900B19CC2 /* DeviceTableViewCell.swift in Sources */ = {isa = PBXBuildFile; fileRef = 6D0D489729D8D15900B19CC2 /* DeviceTableViewCell.swift */; };
		6D0D489A29D8D16200B19CC2 /* ListDevicesViewModel.swift in Sources */ = {isa = PBXBuildFile; fileRef = 6D0D489929D8D16200B19CC2 /* ListDevicesViewModel.swift */; };
		6D0D489C29D8D16D00B19CC2 /* ListDevicesViewModelMapper.swift in Sources */ = {isa = PBXBuildFile; fileRef = 6D0D489B29D8D16D00B19CC2 /* ListDevicesViewModelMapper.swift */; };
		6D0D489E29D8D17E00B19CC2 /* ListDevicesPresenter.swift in Sources */ = {isa = PBXBuildFile; fileRef = 6D0D489D29D8D17E00B19CC2 /* ListDevicesPresenter.swift */; };
		6D0D48A029D8D20900B19CC2 /* ListDevicesViewContract.swift in Sources */ = {isa = PBXBuildFile; fileRef = 6D0D489F29D8D20900B19CC2 /* ListDevicesViewContract.swift */; };
		6D0D48A229D8D21A00B19CC2 /* ListDevicesPresenterImplementation.swift in Sources */ = {isa = PBXBuildFile; fileRef = 6D0D48A129D8D21A00B19CC2 /* ListDevicesPresenterImplementation.swift */; };
		6D0D48A929D8EBF700B19CC2 /* DependencyProvider.swift in Sources */ = {isa = PBXBuildFile; fileRef = 6D0D48A829D8EBF700B19CC2 /* DependencyProvider.swift */; };
		6D0D48AB29D8F21F00B19CC2 /* UIImage+Extension.swift in Sources */ = {isa = PBXBuildFile; fileRef = 6D0D48AA29D8F21F00B19CC2 /* UIImage+Extension.swift */; };
		6D0D48AF29D8F40800B19CC2 /* Image.xcassets in Resources */ = {isa = PBXBuildFile; fileRef = 6D0D48AE29D8F40800B19CC2 /* Image.xcassets */; };
		6D0D48B229D8FFB400B19CC2 /* SmartHomeApp.xcdatamodeld in Sources */ = {isa = PBXBuildFile; fileRef = 6D0D48B029D8FFB400B19CC2 /* SmartHomeApp.xcdatamodeld */; };
		6D0D48B429D9022000B19CC2 /* ListDevicesTableViewDataSource.swift in Sources */ = {isa = PBXBuildFile; fileRef = 6D0D48B329D9022000B19CC2 /* ListDevicesTableViewDataSource.swift */; };
		6D0D48B829D90C8600B19CC2 /* ListDevices.swift in Sources */ = {isa = PBXBuildFile; fileRef = 6D0D48B729D90C8600B19CC2 /* ListDevices.swift */; };
		6D0D48BF29D9101E00B19CC2 /* ListDevicesInteractor.swift in Sources */ = {isa = PBXBuildFile; fileRef = 6D0D48BE29D9101E00B19CC2 /* ListDevicesInteractor.swift */; };
		6D0D48C129D9102700B19CC2 /* ListDevicesInteractorImplementation.swift in Sources */ = {isa = PBXBuildFile; fileRef = 6D0D48C029D9102700B19CC2 /* ListDevicesInteractorImplementation.swift */; };
		6D0D48C529D910ED00B19CC2 /* ListDevicesRepository.swift in Sources */ = {isa = PBXBuildFile; fileRef = 6D0D48C429D910ED00B19CC2 /* ListDevicesRepository.swift */; };
		6D0D48C729D910F600B19CC2 /* ListDevicesRepositoryImplementation.swift in Sources */ = {isa = PBXBuildFile; fileRef = 6D0D48C629D910F600B19CC2 /* ListDevicesRepositoryImplementation.swift */; };
		6D0D48CA29D9119600B19CC2 /* DeviceJson.swift in Sources */ = {isa = PBXBuildFile; fileRef = 6D0D48C929D9119600B19CC2 /* DeviceJson.swift */; };
		6D0D48CC29D911AF00B19CC2 /* ListDevicesJsonMapper.swift in Sources */ = {isa = PBXBuildFile; fileRef = 6D0D48CB29D911AF00B19CC2 /* ListDevicesJsonMapper.swift */; };
		6D0D48D629D920C900B19CC2 /* ListDevicesJson.json in Resources */ = {isa = PBXBuildFile; fileRef = 6D0D48D529D920C900B19CC2 /* ListDevicesJson.json */; };
		6D0D48D829D9217D00B19CC2 /* ListDevicesJson.swift in Sources */ = {isa = PBXBuildFile; fileRef = 6D0D48D729D9217D00B19CC2 /* ListDevicesJson.swift */; };
		6D0D48DA29D99AE100B19CC2 /* Device.swift in Sources */ = {isa = PBXBuildFile; fileRef = 6D0D48D929D99AE100B19CC2 /* Device.swift */; };
		6D0D48E029D9C05100B19CC2 /* HeaterProduct.swift in Sources */ = {isa = PBXBuildFile; fileRef = 6D0D48DF29D9C05100B19CC2 /* HeaterProduct.swift */; };
		6D0D48E229D9C09D00B19CC2 /* RollerShutterProduct.swift in Sources */ = {isa = PBXBuildFile; fileRef = 6D0D48E129D9C09D00B19CC2 /* RollerShutterProduct.swift */; };
		6D0D48E429D9C0C000B19CC2 /* LightProduct.swift in Sources */ = {isa = PBXBuildFile; fileRef = 6D0D48E329D9C0C000B19CC2 /* LightProduct.swift */; };
		6D0D48FB29DA0A9700B19CC2 /* DeviceSteeringPresenter.swift in Sources */ = {isa = PBXBuildFile; fileRef = 6D0D48FA29DA0A9700B19CC2 /* DeviceSteeringPresenter.swift */; };
		6D0D48FD29DA0AB100B19CC2 /* LightSteeringViewModel.swift in Sources */ = {isa = PBXBuildFile; fileRef = 6D0D48FC29DA0AB100B19CC2 /* LightSteeringViewModel.swift */; };
		6D0D48FF29DA0AD100B19CC2 /* DeviceSteeringViewModelMapper.swift in Sources */ = {isa = PBXBuildFile; fileRef = 6D0D48FE29DA0AD100B19CC2 /* DeviceSteeringViewModelMapper.swift */; };
		6D0D490129DA0B0A00B19CC2 /* DeviceSteeringViewController.swift in Sources */ = {isa = PBXBuildFile; fileRef = 6D0D490029DA0B0A00B19CC2 /* DeviceSteeringViewController.swift */; };
		6D0D490329DA0B1200B19CC2 /* LightSteeringView.swift in Sources */ = {isa = PBXBuildFile; fileRef = 6D0D490229DA0B1200B19CC2 /* LightSteeringView.swift */; };
		6D0D490529DA0B4800B19CC2 /* DeviceSteeringViewContract.swift in Sources */ = {isa = PBXBuildFile; fileRef = 6D0D490429DA0B4800B19CC2 /* DeviceSteeringViewContract.swift */; };
		6D0D490729DA0BFE00B19CC2 /* DeviceSteeringPresenterImplementation.swift in Sources */ = {isa = PBXBuildFile; fileRef = 6D0D490629DA0BFE00B19CC2 /* DeviceSteeringPresenterImplementation.swift */; };
		6D0D490E29DA560800B19CC2 /* LightProductMapper.swift in Sources */ = {isa = PBXBuildFile; fileRef = 6D0D490D29DA560800B19CC2 /* LightProductMapper.swift */; };
		6D0D491029DB955700B19CC2 /* HeaterSteeringViewModel.swift in Sources */ = {isa = PBXBuildFile; fileRef = 6D0D490F29DB955700B19CC2 /* HeaterSteeringViewModel.swift */; };
		6D0D491229DB956700B19CC2 /* RollerShutterSteeringViewModel.swift in Sources */ = {isa = PBXBuildFile; fileRef = 6D0D491129DB956700B19CC2 /* RollerShutterSteeringViewModel.swift */; };
		6D0D491429DB957600B19CC2 /* DeviceSteeringViewModel.swift in Sources */ = {isa = PBXBuildFile; fileRef = 6D0D491329DB957600B19CC2 /* DeviceSteeringViewModel.swift */; };
/* End PBXBuildFile section */

/* Begin PBXFileReference section */
		6D0D486F29D8CBEF00B19CC2 /* SmartHomeApp.app */ = {isa = PBXFileReference; explicitFileType = wrapper.application; includeInIndex = 0; path = SmartHomeApp.app; sourceTree = BUILT_PRODUCTS_DIR; };
		6D0D487229D8CBEF00B19CC2 /* AppDelegate.swift */ = {isa = PBXFileReference; lastKnownFileType = sourcecode.swift; path = AppDelegate.swift; sourceTree = "<group>"; };
		6D0D487429D8CBEF00B19CC2 /* SceneDelegate.swift */ = {isa = PBXFileReference; lastKnownFileType = sourcecode.swift; path = SceneDelegate.swift; sourceTree = "<group>"; };
		6D0D487629D8CBEF00B19CC2 /* ViewController.swift */ = {isa = PBXFileReference; lastKnownFileType = sourcecode.swift; path = ViewController.swift; sourceTree = "<group>"; };
		6D0D487B29D8CBF100B19CC2 /* Assets.xcassets */ = {isa = PBXFileReference; lastKnownFileType = folder.assetcatalog; path = Assets.xcassets; sourceTree = "<group>"; };
		6D0D487E29D8CBF100B19CC2 /* Base */ = {isa = PBXFileReference; lastKnownFileType = file.storyboard; name = Base; path = Base.lproj/LaunchScreen.storyboard; sourceTree = "<group>"; };
		6D0D488029D8CBF100B19CC2 /* Info.plist */ = {isa = PBXFileReference; lastKnownFileType = text.plist.xml; path = Info.plist; sourceTree = "<group>"; };
		6D0D488A29D8CCDF00B19CC2 /* RootCoordinator.swift */ = {isa = PBXFileReference; lastKnownFileType = sourcecode.swift; path = RootCoordinator.swift; sourceTree = "<group>"; };
		6D0D488C29D8CD1500B19CC2 /* ListDevicesCoordinator.swift */ = {isa = PBXFileReference; lastKnownFileType = sourcecode.swift; path = ListDevicesCoordinator.swift; sourceTree = "<group>"; };
		6D0D489529D8D14500B19CC2 /* ListDevicesViewController.swift */ = {isa = PBXFileReference; lastKnownFileType = sourcecode.swift; path = ListDevicesViewController.swift; sourceTree = "<group>"; };
		6D0D489729D8D15900B19CC2 /* DeviceTableViewCell.swift */ = {isa = PBXFileReference; lastKnownFileType = sourcecode.swift; path = DeviceTableViewCell.swift; sourceTree = "<group>"; };
		6D0D489929D8D16200B19CC2 /* ListDevicesViewModel.swift */ = {isa = PBXFileReference; lastKnownFileType = sourcecode.swift; path = ListDevicesViewModel.swift; sourceTree = "<group>"; };
		6D0D489B29D8D16D00B19CC2 /* ListDevicesViewModelMapper.swift */ = {isa = PBXFileReference; lastKnownFileType = sourcecode.swift; path = ListDevicesViewModelMapper.swift; sourceTree = "<group>"; };
		6D0D489D29D8D17E00B19CC2 /* ListDevicesPresenter.swift */ = {isa = PBXFileReference; lastKnownFileType = sourcecode.swift; path = ListDevicesPresenter.swift; sourceTree = "<group>"; };
		6D0D489F29D8D20900B19CC2 /* ListDevicesViewContract.swift */ = {isa = PBXFileReference; lastKnownFileType = sourcecode.swift; path = ListDevicesViewContract.swift; sourceTree = "<group>"; };
		6D0D48A129D8D21A00B19CC2 /* ListDevicesPresenterImplementation.swift */ = {isa = PBXFileReference; lastKnownFileType = sourcecode.swift; path = ListDevicesPresenterImplementation.swift; sourceTree = "<group>"; };
		6D0D48A829D8EBF700B19CC2 /* DependencyProvider.swift */ = {isa = PBXFileReference; lastKnownFileType = sourcecode.swift; path = DependencyProvider.swift; sourceTree = "<group>"; };
		6D0D48AA29D8F21F00B19CC2 /* UIImage+Extension.swift */ = {isa = PBXFileReference; lastKnownFileType = sourcecode.swift; path = "UIImage+Extension.swift"; sourceTree = "<group>"; };
		6D0D48AE29D8F40800B19CC2 /* Image.xcassets */ = {isa = PBXFileReference; lastKnownFileType = folder.assetcatalog; name = Image.xcassets; path = SmartHomeApp/Image.xcassets; sourceTree = SOURCE_ROOT; };
		6D0D48B129D8FFB400B19CC2 /* SmartHomeApp.xcdatamodel */ = {isa = PBXFileReference; lastKnownFileType = wrapper.xcdatamodel; path = SmartHomeApp.xcdatamodel; sourceTree = "<group>"; };
		6D0D48B329D9022000B19CC2 /* ListDevicesTableViewDataSource.swift */ = {isa = PBXFileReference; lastKnownFileType = sourcecode.swift; path = ListDevicesTableViewDataSource.swift; sourceTree = "<group>"; };
		6D0D48B729D90C8600B19CC2 /* ListDevices.swift */ = {isa = PBXFileReference; lastKnownFileType = sourcecode.swift; path = ListDevices.swift; sourceTree = "<group>"; };
		6D0D48BE29D9101E00B19CC2 /* ListDevicesInteractor.swift */ = {isa = PBXFileReference; lastKnownFileType = sourcecode.swift; path = ListDevicesInteractor.swift; sourceTree = "<group>"; };
		6D0D48C029D9102700B19CC2 /* ListDevicesInteractorImplementation.swift */ = {isa = PBXFileReference; lastKnownFileType = sourcecode.swift; path = ListDevicesInteractorImplementation.swift; sourceTree = "<group>"; };
		6D0D48C429D910ED00B19CC2 /* ListDevicesRepository.swift */ = {isa = PBXFileReference; lastKnownFileType = sourcecode.swift; path = ListDevicesRepository.swift; sourceTree = "<group>"; };
		6D0D48C629D910F600B19CC2 /* ListDevicesRepositoryImplementation.swift */ = {isa = PBXFileReference; lastKnownFileType = sourcecode.swift; path = ListDevicesRepositoryImplementation.swift; sourceTree = "<group>"; };
		6D0D48C929D9119600B19CC2 /* DeviceJson.swift */ = {isa = PBXFileReference; lastKnownFileType = sourcecode.swift; path = DeviceJson.swift; sourceTree = "<group>"; };
		6D0D48CB29D911AF00B19CC2 /* ListDevicesJsonMapper.swift */ = {isa = PBXFileReference; lastKnownFileType = sourcecode.swift; path = ListDevicesJsonMapper.swift; sourceTree = "<group>"; };
		6D0D48D529D920C900B19CC2 /* ListDevicesJson.json */ = {isa = PBXFileReference; fileEncoding = 4; lastKnownFileType = text.json; path = ListDevicesJson.json; sourceTree = "<group>"; };
		6D0D48D729D9217D00B19CC2 /* ListDevicesJson.swift */ = {isa = PBXFileReference; lastKnownFileType = sourcecode.swift; path = ListDevicesJson.swift; sourceTree = "<group>"; };
		6D0D48D929D99AE100B19CC2 /* Device.swift */ = {isa = PBXFileReference; lastKnownFileType = sourcecode.swift; path = Device.swift; sourceTree = "<group>"; };
		6D0D48DF29D9C05100B19CC2 /* HeaterProduct.swift */ = {isa = PBXFileReference; lastKnownFileType = sourcecode.swift; path = HeaterProduct.swift; sourceTree = "<group>"; };
		6D0D48E129D9C09D00B19CC2 /* RollerShutterProduct.swift */ = {isa = PBXFileReference; lastKnownFileType = sourcecode.swift; path = RollerShutterProduct.swift; sourceTree = "<group>"; };
		6D0D48E329D9C0C000B19CC2 /* LightProduct.swift */ = {isa = PBXFileReference; lastKnownFileType = sourcecode.swift; path = LightProduct.swift; sourceTree = "<group>"; };
		6D0D48FA29DA0A9700B19CC2 /* DeviceSteeringPresenter.swift */ = {isa = PBXFileReference; lastKnownFileType = sourcecode.swift; path = DeviceSteeringPresenter.swift; sourceTree = "<group>"; };
		6D0D48FC29DA0AB100B19CC2 /* LightSteeringViewModel.swift */ = {isa = PBXFileReference; lastKnownFileType = sourcecode.swift; path = LightSteeringViewModel.swift; sourceTree = "<group>"; };
		6D0D48FE29DA0AD100B19CC2 /* DeviceSteeringViewModelMapper.swift */ = {isa = PBXFileReference; lastKnownFileType = sourcecode.swift; path = DeviceSteeringViewModelMapper.swift; sourceTree = "<group>"; };
		6D0D490029DA0B0A00B19CC2 /* DeviceSteeringViewController.swift */ = {isa = PBXFileReference; lastKnownFileType = sourcecode.swift; path = DeviceSteeringViewController.swift; sourceTree = "<group>"; };
		6D0D490229DA0B1200B19CC2 /* LightSteeringView.swift */ = {isa = PBXFileReference; lastKnownFileType = sourcecode.swift; path = LightSteeringView.swift; sourceTree = "<group>"; };
		6D0D490429DA0B4800B19CC2 /* DeviceSteeringViewContract.swift */ = {isa = PBXFileReference; lastKnownFileType = sourcecode.swift; path = DeviceSteeringViewContract.swift; sourceTree = "<group>"; };
		6D0D490629DA0BFE00B19CC2 /* DeviceSteeringPresenterImplementation.swift */ = {isa = PBXFileReference; lastKnownFileType = sourcecode.swift; path = DeviceSteeringPresenterImplementation.swift; sourceTree = "<group>"; };
		6D0D490D29DA560800B19CC2 /* LightProductMapper.swift */ = {isa = PBXFileReference; lastKnownFileType = sourcecode.swift; path = LightProductMapper.swift; sourceTree = "<group>"; };
		6D0D490F29DB955700B19CC2 /* HeaterSteeringViewModel.swift */ = {isa = PBXFileReference; lastKnownFileType = sourcecode.swift; path = HeaterSteeringViewModel.swift; sourceTree = "<group>"; };
		6D0D491129DB956700B19CC2 /* RollerShutterSteeringViewModel.swift */ = {isa = PBXFileReference; lastKnownFileType = sourcecode.swift; path = RollerShutterSteeringViewModel.swift; sourceTree = "<group>"; };
		6D0D491329DB957600B19CC2 /* DeviceSteeringViewModel.swift */ = {isa = PBXFileReference; lastKnownFileType = sourcecode.swift; path = DeviceSteeringViewModel.swift; sourceTree = "<group>"; };
/* End PBXFileReference section */

/* Begin PBXFrameworksBuildPhase section */
		6D0D486C29D8CBEF00B19CC2 /* Frameworks */ = {
			isa = PBXFrameworksBuildPhase;
			buildActionMask = 2147483647;
			files = (
			);
			runOnlyForDeploymentPostprocessing = 0;
		};
/* End PBXFrameworksBuildPhase section */

/* Begin PBXGroup section */
		6D0D486629D8CBEF00B19CC2 = {
			isa = PBXGroup;
			children = (
				6D0D48B029D8FFB400B19CC2 /* SmartHomeApp.xcdatamodeld */,
				6D0D487129D8CBEF00B19CC2 /* SmartHomeApp */,
				6D0D487029D8CBEF00B19CC2 /* Products */,
			);
			sourceTree = "<group>";
		};
		6D0D487029D8CBEF00B19CC2 /* Products */ = {
			isa = PBXGroup;
			children = (
				6D0D486F29D8CBEF00B19CC2 /* SmartHomeApp.app */,
			);
			name = Products;
			sourceTree = "<group>";
		};
		6D0D487129D8CBEF00B19CC2 /* SmartHomeApp */ = {
			isa = PBXGroup;
			children = (
				6D0D48AE29D8F40800B19CC2 /* Image.xcassets */,
				6D0D488829D8CCB900B19CC2 /* Data */,
				6D0D488729D8CCB600B19CC2 /* Core */,
				6D0D488629D8CCB200B19CC2 /* App */,
				6D0D487229D8CBEF00B19CC2 /* AppDelegate.swift */,
				6D0D487429D8CBEF00B19CC2 /* SceneDelegate.swift */,
				6D0D487629D8CBEF00B19CC2 /* ViewController.swift */,
				6D0D487B29D8CBF100B19CC2 /* Assets.xcassets */,
				6D0D487D29D8CBF100B19CC2 /* LaunchScreen.storyboard */,
				6D0D488029D8CBF100B19CC2 /* Info.plist */,
				6D0D48AA29D8F21F00B19CC2 /* UIImage+Extension.swift */,
			);
			path = SmartHomeApp;
			sourceTree = "<group>";
		};
		6D0D488629D8CCB200B19CC2 /* App */ = {
			isa = PBXGroup;
			children = (
				6D0D48ED29DA07B700B19CC2 /* DeviceSteering */,
				6D0D48A729D8EBE000B19CC2 /* DI */,
				6D0D488E29D8CEC500B19CC2 /* ListDevices */,
				6D0D488929D8CCBF00B19CC2 /* Coordinator */,
			);
			path = App;
			sourceTree = "<group>";
		};
		6D0D488729D8CCB600B19CC2 /* Core */ = {
			isa = PBXGroup;
			children = (
				6D0D48B529D90C6D00B19CC2 /* ListDevices */,
			);
			path = Core;
			sourceTree = "<group>";
		};
		6D0D488829D8CCB900B19CC2 /* Data */ = {
			isa = PBXGroup;
			children = (
				6D0D48C229D910B700B19CC2 /* ListDevices */,
			);
			path = Data;
			sourceTree = "<group>";
		};
		6D0D488929D8CCBF00B19CC2 /* Coordinator */ = {
			isa = PBXGroup;
			children = (
				6D0D488A29D8CCDF00B19CC2 /* RootCoordinator.swift */,
				6D0D488C29D8CD1500B19CC2 /* ListDevicesCoordinator.swift */,
			);
			path = Coordinator;
			sourceTree = "<group>";
		};
		6D0D488E29D8CEC500B19CC2 /* ListDevices */ = {
			isa = PBXGroup;
			children = (
				6D0D489129D8CEDF00B19CC2 /* UI */,
				6D0D489029D8CED300B19CC2 /* Model */,
				6D0D488F29D8CECC00B19CC2 /* Presenter */,
			);
			path = ListDevices;
			sourceTree = "<group>";
		};
		6D0D488F29D8CECC00B19CC2 /* Presenter */ = {
			isa = PBXGroup;
			children = (
				6D0D489D29D8D17E00B19CC2 /* ListDevicesPresenter.swift */,
				6D0D489F29D8D20900B19CC2 /* ListDevicesViewContract.swift */,
				6D0D48A129D8D21A00B19CC2 /* ListDevicesPresenterImplementation.swift */,
			);
			path = Presenter;
			sourceTree = "<group>";
		};
		6D0D489029D8CED300B19CC2 /* Model */ = {
			isa = PBXGroup;
			children = (
				6D0D489429D8CEF100B19CC2 /* LIstDevicesViewModel */,
				6D0D489B29D8D16D00B19CC2 /* ListDevicesViewModelMapper.swift */,
			);
			path = Model;
			sourceTree = "<group>";
		};
		6D0D489129D8CEDF00B19CC2 /* UI */ = {
			isa = PBXGroup;
			children = (
				6D0D489329D8CEEB00B19CC2 /* ViewController */,
				6D0D489229D8CEE200B19CC2 /* View */,
				6D0D48B329D9022000B19CC2 /* ListDevicesTableViewDataSource.swift */,
			);
			path = UI;
			sourceTree = "<group>";
		};
		6D0D489229D8CEE200B19CC2 /* View */ = {
			isa = PBXGroup;
			children = (
				6D0D489729D8D15900B19CC2 /* DeviceTableViewCell.swift */,
			);
			path = View;
			sourceTree = "<group>";
		};
		6D0D489329D8CEEB00B19CC2 /* ViewController */ = {
			isa = PBXGroup;
			children = (
				6D0D489529D8D14500B19CC2 /* ListDevicesViewController.swift */,
			);
			path = ViewController;
			sourceTree = "<group>";
		};
		6D0D489429D8CEF100B19CC2 /* LIstDevicesViewModel */ = {
			isa = PBXGroup;
			children = (
				6D0D489929D8D16200B19CC2 /* ListDevicesViewModel.swift */,
			);
			path = LIstDevicesViewModel;
			sourceTree = "<group>";
		};
		6D0D48A729D8EBE000B19CC2 /* DI */ = {
			isa = PBXGroup;
			children = (
				6D0D48A829D8EBF700B19CC2 /* DependencyProvider.swift */,
			);
			path = DI;
			sourceTree = "<group>";
		};
		6D0D48B529D90C6D00B19CC2 /* ListDevices */ = {
			isa = PBXGroup;
			children = (
				6D0D48D329D915BE00B19CC2 /* DeviceJsonMapper */,
				6D0D48BD29D90FD700B19CC2 /* Interactor */,
				6D0D48B629D90C7A00B19CC2 /* Entity */,
			);
			path = ListDevices;
			sourceTree = "<group>";
		};
		6D0D48B629D90C7A00B19CC2 /* Entity */ = {
			isa = PBXGroup;
			children = (
				6D0D48B729D90C8600B19CC2 /* ListDevices.swift */,
				6D0D48D929D99AE100B19CC2 /* Device.swift */,
				6D0D48E129D9C09D00B19CC2 /* RollerShutterProduct.swift */,
				6D0D48DF29D9C05100B19CC2 /* HeaterProduct.swift */,
				6D0D48E329D9C0C000B19CC2 /* LightProduct.swift */,
			);
			path = Entity;
			sourceTree = "<group>";
		};
		6D0D48BD29D90FD700B19CC2 /* Interactor */ = {
			isa = PBXGroup;
			children = (
				6D0D48BE29D9101E00B19CC2 /* ListDevicesInteractor.swift */,
				6D0D48C029D9102700B19CC2 /* ListDevicesInteractorImplementation.swift */,
			);
			path = Interactor;
			sourceTree = "<group>";
		};
		6D0D48C229D910B700B19CC2 /* ListDevices */ = {
			isa = PBXGroup;
			children = (
				6D0D48D429D91C3700B19CC2 /* JsonData */,
				6D0D48C829D9118100B19CC2 /* ListDevicesJson */,
				6D0D48C329D910DC00B19CC2 /* Repository */,
			);
			path = ListDevices;
			sourceTree = "<group>";
		};
		6D0D48C329D910DC00B19CC2 /* Repository */ = {
			isa = PBXGroup;
			children = (
				6D0D48C429D910ED00B19CC2 /* ListDevicesRepository.swift */,
				6D0D48C629D910F600B19CC2 /* ListDevicesRepositoryImplementation.swift */,
			);
			path = Repository;
			sourceTree = "<group>";
		};
		6D0D48C829D9118100B19CC2 /* ListDevicesJson */ = {
			isa = PBXGroup;
			children = (
				6D0D48C929D9119600B19CC2 /* DeviceJson.swift */,
				6D0D48D729D9217D00B19CC2 /* ListDevicesJson.swift */,
			);
			path = ListDevicesJson;
			sourceTree = "<group>";
		};
		6D0D48D329D915BE00B19CC2 /* DeviceJsonMapper */ = {
			isa = PBXGroup;
			children = (
				6D0D48CB29D911AF00B19CC2 /* ListDevicesJsonMapper.swift */,
				6D0D490D29DA560800B19CC2 /* LightProductMapper.swift */,
			);
			path = DeviceJsonMapper;
			sourceTree = "<group>";
		};
		6D0D48D429D91C3700B19CC2 /* JsonData */ = {
			isa = PBXGroup;
			children = (
				6D0D48D529D920C900B19CC2 /* ListDevicesJson.json */,
			);
			path = JsonData;
			sourceTree = "<group>";
		};
		6D0D48ED29DA07B700B19CC2 /* DeviceSteering */ = {
			isa = PBXGroup;
			children = (
				6D0D48F929DA087600B19CC2 /* Presenter */,
				6D0D48F729DA086800B19CC2 /* Model */,
				6D0D48F429DA084F00B19CC2 /* UI */,
			);
			path = DeviceSteering;
			sourceTree = "<group>";
		};
		6D0D48F429DA084F00B19CC2 /* UI */ = {
			isa = PBXGroup;
			children = (
				6D0D48F629DA085500B19CC2 /* ViewController */,
				6D0D48F529DA085100B19CC2 /* View */,
				6D0D490429DA0B4800B19CC2 /* DeviceSteeringViewContract.swift */,
			);
			path = UI;
			sourceTree = "<group>";
		};
		6D0D48F529DA085100B19CC2 /* View */ = {
			isa = PBXGroup;
			children = (
				6D0D490229DA0B1200B19CC2 /* LightSteeringView.swift */,
			);
			path = View;
			sourceTree = "<group>";
		};
		6D0D48F629DA085500B19CC2 /* ViewController */ = {
			isa = PBXGroup;
			children = (
				6D0D490029DA0B0A00B19CC2 /* DeviceSteeringViewController.swift */,
			);
			path = ViewController;
			sourceTree = "<group>";
		};
		6D0D48F729DA086800B19CC2 /* Model */ = {
			isa = PBXGroup;
			children = (
				6D0D48F829DA086B00B19CC2 /* DeviceSteeringViewModel */,
				6D0D48FE29DA0AD100B19CC2 /* DeviceSteeringViewModelMapper.swift */,
			);
			path = Model;
			sourceTree = "<group>";
		};
		6D0D48F829DA086B00B19CC2 /* DeviceSteeringViewModel */ = {
			isa = PBXGroup;
			children = (
				6D0D48FC29DA0AB100B19CC2 /* LightSteeringViewModel.swift */,
				6D0D490F29DB955700B19CC2 /* HeaterSteeringViewModel.swift */,
				6D0D491129DB956700B19CC2 /* RollerShutterSteeringViewModel.swift */,
				6D0D491329DB957600B19CC2 /* DeviceSteeringViewModel.swift */,
			);
			path = DeviceSteeringViewModel;
			sourceTree = "<group>";
		};
		6D0D48F929DA087600B19CC2 /* Presenter */ = {
			isa = PBXGroup;
			children = (
				6D0D48FA29DA0A9700B19CC2 /* DeviceSteeringPresenter.swift */,
				6D0D490629DA0BFE00B19CC2 /* DeviceSteeringPresenterImplementation.swift */,
			);
			path = Presenter;
			sourceTree = "<group>";
		};
/* End PBXGroup section */

/* Begin PBXNativeTarget section */
		6D0D486E29D8CBEF00B19CC2 /* SmartHomeApp */ = {
			isa = PBXNativeTarget;
			buildConfigurationList = 6D0D488329D8CBF100B19CC2 /* Build configuration list for PBXNativeTarget "SmartHomeApp" */;
			buildPhases = (
				6D0D486B29D8CBEF00B19CC2 /* Sources */,
				6D0D486C29D8CBEF00B19CC2 /* Frameworks */,
				6D0D486D29D8CBEF00B19CC2 /* Resources */,
			);
			buildRules = (
			);
			dependencies = (
			);
			name = SmartHomeApp;
			productName = SmartHomeApp;
			productReference = 6D0D486F29D8CBEF00B19CC2 /* SmartHomeApp.app */;
			productType = "com.apple.product-type.application";
		};
/* End PBXNativeTarget section */

/* Begin PBXProject section */
		6D0D486729D8CBEF00B19CC2 /* Project object */ = {
			isa = PBXProject;
			attributes = {
				BuildIndependentTargetsInParallel = 1;
				LastSwiftUpdateCheck = 1420;
				LastUpgradeCheck = 1420;
				TargetAttributes = {
					6D0D486E29D8CBEF00B19CC2 = {
						CreatedOnToolsVersion = 14.2;
					};
				};
			};
			buildConfigurationList = 6D0D486A29D8CBEF00B19CC2 /* Build configuration list for PBXProject "SmartHomeApp" */;
			compatibilityVersion = "Xcode 14.0";
			developmentRegion = en;
			hasScannedForEncodings = 0;
			knownRegions = (
				en,
				Base,
			);
			mainGroup = 6D0D486629D8CBEF00B19CC2;
			productRefGroup = 6D0D487029D8CBEF00B19CC2 /* Products */;
			projectDirPath = "";
			projectRoot = "";
			targets = (
				6D0D486E29D8CBEF00B19CC2 /* SmartHomeApp */,
			);
		};
/* End PBXProject section */

/* Begin PBXResourcesBuildPhase section */
		6D0D486D29D8CBEF00B19CC2 /* Resources */ = {
			isa = PBXResourcesBuildPhase;
			buildActionMask = 2147483647;
			files = (
				6D0D487F29D8CBF100B19CC2 /* LaunchScreen.storyboard in Resources */,
				6D0D48D629D920C900B19CC2 /* ListDevicesJson.json in Resources */,
				6D0D48AF29D8F40800B19CC2 /* Image.xcassets in Resources */,
				6D0D487C29D8CBF100B19CC2 /* Assets.xcassets in Resources */,
			);
			runOnlyForDeploymentPostprocessing = 0;
		};
/* End PBXResourcesBuildPhase section */

/* Begin PBXSourcesBuildPhase section */
		6D0D486B29D8CBEF00B19CC2 /* Sources */ = {
			isa = PBXSourcesBuildPhase;
			buildActionMask = 2147483647;
			files = (
				6D0D490529DA0B4800B19CC2 /* DeviceSteeringViewContract.swift in Sources */,
				6D0D48A229D8D21A00B19CC2 /* ListDevicesPresenterImplementation.swift in Sources */,
				6D0D48AB29D8F21F00B19CC2 /* UIImage+Extension.swift in Sources */,
				6D0D48BF29D9101E00B19CC2 /* ListDevicesInteractor.swift in Sources */,
				6D0D489E29D8D17E00B19CC2 /* ListDevicesPresenter.swift in Sources */,
				6D0D491229DB956700B19CC2 /* RollerShutterSteeringViewModel.swift in Sources */,
				6D0D491029DB955700B19CC2 /* HeaterSteeringViewModel.swift in Sources */,
				6D0D489A29D8D16200B19CC2 /* ListDevicesViewModel.swift in Sources */,
				6D0D489829D8D15900B19CC2 /* DeviceTableViewCell.swift in Sources */,
				6D0D48E029D9C05100B19CC2 /* HeaterProduct.swift in Sources */,
				6D0D488D29D8CD1500B19CC2 /* ListDevicesCoordinator.swift in Sources */,
				6D0D490729DA0BFE00B19CC2 /* DeviceSteeringPresenterImplementation.swift in Sources */,
				6D0D48D829D9217D00B19CC2 /* ListDevicesJson.swift in Sources */,
				6D0D48B229D8FFB400B19CC2 /* SmartHomeApp.xcdatamodeld in Sources */,
				6D0D48C129D9102700B19CC2 /* ListDevicesInteractorImplementation.swift in Sources */,
				6D0D48CA29D9119600B19CC2 /* DeviceJson.swift in Sources */,
				6D0D48C529D910ED00B19CC2 /* ListDevicesRepository.swift in Sources */,
				6D0D488B29D8CCDF00B19CC2 /* RootCoordinator.swift in Sources */,
				6D0D48FD29DA0AB100B19CC2 /* LightSteeringViewModel.swift in Sources */,
				6D0D490E29DA560800B19CC2 /* LightProductMapper.swift in Sources */,
				6D0D489C29D8D16D00B19CC2 /* ListDevicesViewModelMapper.swift in Sources */,
				6D0D487729D8CBEF00B19CC2 /* ViewController.swift in Sources */,
				6D0D487329D8CBEF00B19CC2 /* AppDelegate.swift in Sources */,
				6D0D48DA29D99AE100B19CC2 /* Device.swift in Sources */,
				6D0D48CC29D911AF00B19CC2 /* ListDevicesJsonMapper.swift in Sources */,
				6D0D48A029D8D20900B19CC2 /* ListDevicesViewContract.swift in Sources */,
				6D0D48B429D9022000B19CC2 /* ListDevicesTableViewDataSource.swift in Sources */,
				6D0D48C729D910F600B19CC2 /* ListDevicesRepositoryImplementation.swift in Sources */,
				6D0D48FB29DA0A9700B19CC2 /* DeviceSteeringPresenter.swift in Sources */,
				6D0D48E229D9C09D00B19CC2 /* RollerShutterProduct.swift in Sources */,
				6D0D489629D8D14500B19CC2 /* ListDevicesViewController.swift in Sources */,
				6D0D48A929D8EBF700B19CC2 /* DependencyProvider.swift in Sources */,
				6D0D48B829D90C8600B19CC2 /* ListDevices.swift in Sources */,
				6D0D490129DA0B0A00B19CC2 /* DeviceSteeringViewController.swift in Sources */,
				6D0D490329DA0B1200B19CC2 /* LightSteeringView.swift in Sources */,
				6D0D48E429D9C0C000B19CC2 /* LightProduct.swift in Sources */,
				6D0D48FF29DA0AD100B19CC2 /* DeviceSteeringViewModelMapper.swift in Sources */,
				6D0D487529D8CBEF00B19CC2 /* SceneDelegate.swift in Sources */,
				6D0D491429DB957600B19CC2 /* DeviceSteeringViewModel.swift in Sources */,
			);
			runOnlyForDeploymentPostprocessing = 0;
		};
/* End PBXSourcesBuildPhase section */

/* Begin PBXVariantGroup section */
		6D0D487D29D8CBF100B19CC2 /* LaunchScreen.storyboard */ = {
			isa = PBXVariantGroup;
			children = (
				6D0D487E29D8CBF100B19CC2 /* Base */,
			);
			name = LaunchScreen.storyboard;
			sourceTree = "<group>";
		};
/* End PBXVariantGroup section */

/* Begin XCBuildConfiguration section */
		6D0D488129D8CBF100B19CC2 /* Debug */ = {
			isa = XCBuildConfiguration;
			buildSettings = {
				ALWAYS_SEARCH_USER_PATHS = NO;
				CLANG_ANALYZER_NONNULL = YES;
				CLANG_ANALYZER_NUMBER_OBJECT_CONVERSION = YES_AGGRESSIVE;
				CLANG_CXX_LANGUAGE_STANDARD = "gnu++20";
				CLANG_ENABLE_MODULES = YES;
				CLANG_ENABLE_OBJC_ARC = YES;
				CLANG_ENABLE_OBJC_WEAK = YES;
				CLANG_WARN_BLOCK_CAPTURE_AUTORELEASING = YES;
				CLANG_WARN_BOOL_CONVERSION = YES;
				CLANG_WARN_COMMA = YES;
				CLANG_WARN_CONSTANT_CONVERSION = YES;
				CLANG_WARN_DEPRECATED_OBJC_IMPLEMENTATIONS = YES;
				CLANG_WARN_DIRECT_OBJC_ISA_USAGE = YES_ERROR;
				CLANG_WARN_DOCUMENTATION_COMMENTS = YES;
				CLANG_WARN_EMPTY_BODY = YES;
				CLANG_WARN_ENUM_CONVERSION = YES;
				CLANG_WARN_INFINITE_RECURSION = YES;
				CLANG_WARN_INT_CONVERSION = YES;
				CLANG_WARN_NON_LITERAL_NULL_CONVERSION = YES;
				CLANG_WARN_OBJC_IMPLICIT_RETAIN_SELF = YES;
				CLANG_WARN_OBJC_LITERAL_CONVERSION = YES;
				CLANG_WARN_OBJC_ROOT_CLASS = YES_ERROR;
				CLANG_WARN_QUOTED_INCLUDE_IN_FRAMEWORK_HEADER = YES;
				CLANG_WARN_RANGE_LOOP_ANALYSIS = YES;
				CLANG_WARN_STRICT_PROTOTYPES = YES;
				CLANG_WARN_SUSPICIOUS_MOVE = YES;
				CLANG_WARN_UNGUARDED_AVAILABILITY = YES_AGGRESSIVE;
				CLANG_WARN_UNREACHABLE_CODE = YES;
				CLANG_WARN__DUPLICATE_METHOD_MATCH = YES;
				COPY_PHASE_STRIP = NO;
				DEBUG_INFORMATION_FORMAT = dwarf;
				ENABLE_STRICT_OBJC_MSGSEND = YES;
				ENABLE_TESTABILITY = YES;
				GCC_C_LANGUAGE_STANDARD = gnu11;
				GCC_DYNAMIC_NO_PIC = NO;
				GCC_NO_COMMON_BLOCKS = YES;
				GCC_OPTIMIZATION_LEVEL = 0;
				GCC_PREPROCESSOR_DEFINITIONS = (
					"DEBUG=1",
					"$(inherited)",
				);
				GCC_WARN_64_TO_32_BIT_CONVERSION = YES;
				GCC_WARN_ABOUT_RETURN_TYPE = YES_ERROR;
				GCC_WARN_UNDECLARED_SELECTOR = YES;
				GCC_WARN_UNINITIALIZED_AUTOS = YES_AGGRESSIVE;
				GCC_WARN_UNUSED_FUNCTION = YES;
				GCC_WARN_UNUSED_VARIABLE = YES;
				IPHONEOS_DEPLOYMENT_TARGET = 14.2;
				MTL_ENABLE_DEBUG_INFO = INCLUDE_SOURCE;
				MTL_FAST_MATH = YES;
				ONLY_ACTIVE_ARCH = YES;
				SDKROOT = iphoneos;
				SWIFT_ACTIVE_COMPILATION_CONDITIONS = DEBUG;
				SWIFT_OPTIMIZATION_LEVEL = "-Onone";
			};
			name = Debug;
		};
		6D0D488229D8CBF100B19CC2 /* Release */ = {
			isa = XCBuildConfiguration;
			buildSettings = {
				ALWAYS_SEARCH_USER_PATHS = NO;
				CLANG_ANALYZER_NONNULL = YES;
				CLANG_ANALYZER_NUMBER_OBJECT_CONVERSION = YES_AGGRESSIVE;
				CLANG_CXX_LANGUAGE_STANDARD = "gnu++20";
				CLANG_ENABLE_MODULES = YES;
				CLANG_ENABLE_OBJC_ARC = YES;
				CLANG_ENABLE_OBJC_WEAK = YES;
				CLANG_WARN_BLOCK_CAPTURE_AUTORELEASING = YES;
				CLANG_WARN_BOOL_CONVERSION = YES;
				CLANG_WARN_COMMA = YES;
				CLANG_WARN_CONSTANT_CONVERSION = YES;
				CLANG_WARN_DEPRECATED_OBJC_IMPLEMENTATIONS = YES;
				CLANG_WARN_DIRECT_OBJC_ISA_USAGE = YES_ERROR;
				CLANG_WARN_DOCUMENTATION_COMMENTS = YES;
				CLANG_WARN_EMPTY_BODY = YES;
				CLANG_WARN_ENUM_CONVERSION = YES;
				CLANG_WARN_INFINITE_RECURSION = YES;
				CLANG_WARN_INT_CONVERSION = YES;
				CLANG_WARN_NON_LITERAL_NULL_CONVERSION = YES;
				CLANG_WARN_OBJC_IMPLICIT_RETAIN_SELF = YES;
				CLANG_WARN_OBJC_LITERAL_CONVERSION = YES;
				CLANG_WARN_OBJC_ROOT_CLASS = YES_ERROR;
				CLANG_WARN_QUOTED_INCLUDE_IN_FRAMEWORK_HEADER = YES;
				CLANG_WARN_RANGE_LOOP_ANALYSIS = YES;
				CLANG_WARN_STRICT_PROTOTYPES = YES;
				CLANG_WARN_SUSPICIOUS_MOVE = YES;
				CLANG_WARN_UNGUARDED_AVAILABILITY = YES_AGGRESSIVE;
				CLANG_WARN_UNREACHABLE_CODE = YES;
				CLANG_WARN__DUPLICATE_METHOD_MATCH = YES;
				COPY_PHASE_STRIP = NO;
				DEBUG_INFORMATION_FORMAT = "dwarf-with-dsym";
				ENABLE_NS_ASSERTIONS = NO;
				ENABLE_STRICT_OBJC_MSGSEND = YES;
				GCC_C_LANGUAGE_STANDARD = gnu11;
				GCC_NO_COMMON_BLOCKS = YES;
				GCC_WARN_64_TO_32_BIT_CONVERSION = YES;
				GCC_WARN_ABOUT_RETURN_TYPE = YES_ERROR;
				GCC_WARN_UNDECLARED_SELECTOR = YES;
				GCC_WARN_UNINITIALIZED_AUTOS = YES_AGGRESSIVE;
				GCC_WARN_UNUSED_FUNCTION = YES;
				GCC_WARN_UNUSED_VARIABLE = YES;
				IPHONEOS_DEPLOYMENT_TARGET = 14.2;
				MTL_ENABLE_DEBUG_INFO = NO;
				MTL_FAST_MATH = YES;
				SDKROOT = iphoneos;
				SWIFT_COMPILATION_MODE = wholemodule;
				SWIFT_OPTIMIZATION_LEVEL = "-O";
				VALIDATE_PRODUCT = YES;
			};
			name = Release;
		};
		6D0D488429D8CBF100B19CC2 /* Debug */ = {
			isa = XCBuildConfiguration;
			buildSettings = {
				ASSETCATALOG_COMPILER_APPICON_NAME = AppIcon;
				ASSETCATALOG_COMPILER_GLOBAL_ACCENT_COLOR_NAME = AccentColor;
				CODE_SIGN_STYLE = Automatic;
				CURRENT_PROJECT_VERSION = 1;
				DEVELOPMENT_TEAM = HN4H895657;
				GENERATE_INFOPLIST_FILE = YES;
				INFOPLIST_FILE = SmartHomeApp/Info.plist;
				INFOPLIST_KEY_UIApplicationSupportsIndirectInputEvents = YES;
				INFOPLIST_KEY_UILaunchStoryboardName = LaunchScreen;
				INFOPLIST_KEY_UISupportedInterfaceOrientations_iPad = "UIInterfaceOrientationPortrait UIInterfaceOrientationPortraitUpsideDown UIInterfaceOrientationLandscapeLeft UIInterfaceOrientationLandscapeRight";
				INFOPLIST_KEY_UISupportedInterfaceOrientations_iPhone = "UIInterfaceOrientationPortrait UIInterfaceOrientationLandscapeLeft UIInterfaceOrientationLandscapeRight";
				IPHONEOS_DEPLOYMENT_TARGET = 14.2;
				LD_RUNPATH_SEARCH_PATHS = (
					"$(inherited)",
					"@executable_path/Frameworks",
				);
				MARKETING_VERSION = 1.0;
				PRODUCT_BUNDLE_IDENTIFIER = com.berkankesman.SmartHomeApp;
				PRODUCT_NAME = "$(TARGET_NAME)";
				SWIFT_EMIT_LOC_STRINGS = YES;
				SWIFT_VERSION = 5.0;
				TARGETED_DEVICE_FAMILY = "1,2";
			};
			name = Debug;
		};
		6D0D488529D8CBF100B19CC2 /* Release */ = {
			isa = XCBuildConfiguration;
			buildSettings = {
				ASSETCATALOG_COMPILER_APPICON_NAME = AppIcon;
				ASSETCATALOG_COMPILER_GLOBAL_ACCENT_COLOR_NAME = AccentColor;
				CODE_SIGN_STYLE = Automatic;
				CURRENT_PROJECT_VERSION = 1;
				DEVELOPMENT_TEAM = HN4H895657;
				GENERATE_INFOPLIST_FILE = YES;
				INFOPLIST_FILE = SmartHomeApp/Info.plist;
				INFOPLIST_KEY_UIApplicationSupportsIndirectInputEvents = YES;
				INFOPLIST_KEY_UILaunchStoryboardName = LaunchScreen;
				INFOPLIST_KEY_UISupportedInterfaceOrientations_iPad = "UIInterfaceOrientationPortrait UIInterfaceOrientationPortraitUpsideDown UIInterfaceOrientationLandscapeLeft UIInterfaceOrientationLandscapeRight";
				INFOPLIST_KEY_UISupportedInterfaceOrientations_iPhone = "UIInterfaceOrientationPortrait UIInterfaceOrientationLandscapeLeft UIInterfaceOrientationLandscapeRight";
				IPHONEOS_DEPLOYMENT_TARGET = 14.2;
				LD_RUNPATH_SEARCH_PATHS = (
					"$(inherited)",
					"@executable_path/Frameworks",
				);
				MARKETING_VERSION = 1.0;
				PRODUCT_BUNDLE_IDENTIFIER = com.berkankesman.SmartHomeApp;
				PRODUCT_NAME = "$(TARGET_NAME)";
				SWIFT_EMIT_LOC_STRINGS = YES;
				SWIFT_VERSION = 5.0;
				TARGETED_DEVICE_FAMILY = "1,2";
			};
			name = Release;
		};
/* End XCBuildConfiguration section */

/* Begin XCConfigurationList section */
		6D0D486A29D8CBEF00B19CC2 /* Build configuration list for PBXProject "SmartHomeApp" */ = {
			isa = XCConfigurationList;
			buildConfigurations = (
				6D0D488129D8CBF100B19CC2 /* Debug */,
				6D0D488229D8CBF100B19CC2 /* Release */,
			);
			defaultConfigurationIsVisible = 0;
			defaultConfigurationName = Release;
		};
		6D0D488329D8CBF100B19CC2 /* Build configuration list for PBXNativeTarget "SmartHomeApp" */ = {
			isa = XCConfigurationList;
			buildConfigurations = (
				6D0D488429D8CBF100B19CC2 /* Debug */,
				6D0D488529D8CBF100B19CC2 /* Release */,
			);
			defaultConfigurationIsVisible = 0;
			defaultConfigurationName = Release;
		};
/* End XCConfigurationList section */

/* Begin XCVersionGroup section */
		6D0D48B029D8FFB400B19CC2 /* SmartHomeApp.xcdatamodeld */ = {
			isa = XCVersionGroup;
			children = (
				6D0D48B129D8FFB400B19CC2 /* SmartHomeApp.xcdatamodel */,
			);
			currentVersion = 6D0D48B129D8FFB400B19CC2 /* SmartHomeApp.xcdatamodel */;
			path = SmartHomeApp.xcdatamodeld;
			sourceTree = "<group>";
			versionGroupType = wrapper.xcdatamodel;
		};
/* End XCVersionGroup section */
	};
	rootObject = 6D0D486729D8CBEF00B19CC2 /* Project object */;
}
